
Microsoft Visual Studio Solution File, Format Version 12.00
# Visual Studio 14
VisualStudioVersion = 14.0.25123.0
MinimumVisualStudioVersion = 10.0.40219.1
Project("{2150E333-8FDC-42A3-9474-1A3956D46DE8}") = "Solution Items", "Solution Items", "{5E2A2226-5B34-467B-98C1-6A69F4AD89F9}"
	ProjectSection(SolutionItems) = preProject
		package.json = package.json
		WebEssentials2015-Settings.json = WebEssentials2015-Settings.json
	EndProjectSection
EndProject
Project("{2150E333-8FDC-42A3-9474-1A3956D46DE8}") = "src", "src", "{B051E67D-EF5F-4AFF-84C9-52A65587E51C}"
EndProject
Project("{2150E333-8FDC-42A3-9474-1A3956D46DE8}") = "test", "test", "{F5412EE7-68C8-44B6-BAB0-0127922700F7}"
EndProject
Project("{8BB2217D-0F2D-49D1-97BC-3654ED321F3B}") = "Api", "src\Api\Api.xproj", "{C6F010AD-DDC7-4CE0-A261-AF14FDB222B8}"
EndProject
Project("{8BB2217D-0F2D-49D1-97BC-3654ED321F3B}") = "Application", "src\Application\Application.xproj", "{47170861-9AB5-4B87-89E2-DEE6A7562CE9}"
EndProject
Project("{8BB2217D-0F2D-49D1-97BC-3654ED321F3B}") = "Infrastructure", "src\Infrastructure\Infrastructure.xproj", "{E9DDF476-946B-4109-BBB1-8B10B069B931}"
EndProject
Project("{8BB2217D-0F2D-49D1-97BC-3654ED321F3B}") = "Persistence", "src\Persistence\Persistence.xproj", "{A2CE64C0-C791-4B54-9351-9FBEBC10952B}"
EndProject
Project("{8BB2217D-0F2D-49D1-97BC-3654ED321F3B}") = "Api.Test", "test\Api.Test\Api.Test.xproj", "{BF105594-72F1-46A5-97D6-3481A6E561D8}"
EndProject
Project("{8BB2217D-0F2D-49D1-97BC-3654ED321F3B}") = "Test.Infrastructure", "test\Test.Infrastructure\Test.Infrastructure.xproj", "{1E1138DE-C5BF-496A-98E4-5719DD8D5BB4}"
EndProject
Project("{8BB2217D-0F2D-49D1-97BC-3654ED321F3B}") = "Mvc.Test", "test\Mvc.Test\Mvc.Test.xproj", "{BE5075D0-F5FE-4827-A270-94D40F340612}"
EndProject
Project("{8BB2217D-0F2D-49D1-97BC-3654ED321F3B}") = "Mvc", "src\Mvc\Mvc.xproj", "{1FF95C65-E428-4FA0-A0E9-EFB37B559398}"
EndProject
Project("{8BB2217D-0F2D-49D1-97BC-3654ED321F3B}") = "Application.Test", "test\Application.Test\Application.Test.xproj", "{A76A2322-03E7-44A3-9945-97C4A62F89AF}"
EndProject
Project("{8BB2217D-0F2D-49D1-97BC-3654ED321F3B}") = "Infrastructure.Test", "test\Infrastructure.Test\Infrastructure.Test.xproj", "{4EF3AA46-A1A1-4631-BCB7-3BBF20FF0102}"
EndProject
Project("{8BB2217D-0F2D-49D1-97BC-3654ED321F3B}") = "Persistence.Test", "test\Persistence.Test\Persistence.Test.xproj", "{4A0DF443-99C5-4EAB-BFF9-33445828E6BD}"
EndProject
Global
	GlobalSection(SolutionConfigurationPlatforms) = preSolution
		Debug|Any CPU = Debug|Any CPU
		Release|Any CPU = Release|Any CPU
	EndGlobalSection
	GlobalSection(ProjectConfigurationPlatforms) = postSolution
		{C6F010AD-DDC7-4CE0-A261-AF14FDB222B8}.Debug|Any CPU.ActiveCfg = Debug|Any CPU
		{C6F010AD-DDC7-4CE0-A261-AF14FDB222B8}.Debug|Any CPU.Build.0 = Debug|Any CPU
		{C6F010AD-DDC7-4CE0-A261-AF14FDB222B8}.Release|Any CPU.ActiveCfg = Release|Any CPU
		{C6F010AD-DDC7-4CE0-A261-AF14FDB222B8}.Release|Any CPU.Build.0 = Release|Any CPU
		{47170861-9AB5-4B87-89E2-DEE6A7562CE9}.Debug|Any CPU.ActiveCfg = Debug|Any CPU
		{47170861-9AB5-4B87-89E2-DEE6A7562CE9}.Debug|Any CPU.Build.0 = Debug|Any CPU
		{47170861-9AB5-4B87-89E2-DEE6A7562CE9}.Release|Any CPU.ActiveCfg = Release|Any CPU
		{47170861-9AB5-4B87-89E2-DEE6A7562CE9}.Release|Any CPU.Build.0 = Release|Any CPU
		{E9DDF476-946B-4109-BBB1-8B10B069B931}.Debug|Any CPU.ActiveCfg = Debug|Any CPU
		{E9DDF476-946B-4109-BBB1-8B10B069B931}.Debug|Any CPU.Build.0 = Debug|Any CPU
		{E9DDF476-946B-4109-BBB1-8B10B069B931}.Release|Any CPU.ActiveCfg = Release|Any CPU
		{E9DDF476-946B-4109-BBB1-8B10B069B931}.Release|Any CPU.Build.0 = Release|Any CPU
		{A2CE64C0-C791-4B54-9351-9FBEBC10952B}.Debug|Any CPU.ActiveCfg = Debug|Any CPU
		{A2CE64C0-C791-4B54-9351-9FBEBC10952B}.Debug|Any CPU.Build.0 = Debug|Any CPU
		{A2CE64C0-C791-4B54-9351-9FBEBC10952B}.Release|Any CPU.ActiveCfg = Release|Any CPU
		{A2CE64C0-C791-4B54-9351-9FBEBC10952B}.Release|Any CPU.Build.0 = Release|Any CPU
		{BF105594-72F1-46A5-97D6-3481A6E561D8}.Debug|Any CPU.ActiveCfg = Debug|Any CPU
		{BF105594-72F1-46A5-97D6-3481A6E561D8}.Debug|Any CPU.Build.0 = Debug|Any CPU
		{BF105594-72F1-46A5-97D6-3481A6E561D8}.Release|Any CPU.ActiveCfg = Release|Any CPU
		{BF105594-72F1-46A5-97D6-3481A6E561D8}.Release|Any CPU.Build.0 = Release|Any CPU
		{1E1138DE-C5BF-496A-98E4-5719DD8D5BB4}.Debug|Any CPU.ActiveCfg = Debug|Any CPU
		{1E1138DE-C5BF-496A-98E4-5719DD8D5BB4}.Debug|Any CPU.Build.0 = Debug|Any CPU
		{1E1138DE-C5BF-496A-98E4-5719DD8D5BB4}.Release|Any CPU.ActiveCfg = Release|Any CPU
		{1E1138DE-C5BF-496A-98E4-5719DD8D5BB4}.Release|Any CPU.Build.0 = Release|Any CPU
		{BE5075D0-F5FE-4827-A270-94D40F340612}.Debug|Any CPU.ActiveCfg = Debug|Any CPU
		{BE5075D0-F5FE-4827-A270-94D40F340612}.Debug|Any CPU.Build.0 = Debug|Any CPU
		{BE5075D0-F5FE-4827-A270-94D40F340612}.Release|Any CPU.ActiveCfg = Release|Any CPU
		{BE5075D0-F5FE-4827-A270-94D40F340612}.Release|Any CPU.Build.0 = Release|Any CPU
		{1FF95C65-E428-4FA0-A0E9-EFB37B559398}.Debug|Any CPU.ActiveCfg = Debug|Any CPU
		{1FF95C65-E428-4FA0-A0E9-EFB37B559398}.Debug|Any CPU.Build.0 = Debug|Any CPU
		{1FF95C65-E428-4FA0-A0E9-EFB37B559398}.Release|Any CPU.ActiveCfg = Release|Any CPU
		{1FF95C65-E428-4FA0-A0E9-EFB37B559398}.Release|Any CPU.Build.0 = Release|Any CPU
		{A76A2322-03E7-44A3-9945-97C4A62F89AF}.Debug|Any CPU.ActiveCfg = Debug|Any CPU
		{A76A2322-03E7-44A3-9945-97C4A62F89AF}.Debug|Any CPU.Build.0 = Debug|Any CPU
		{A76A2322-03E7-44A3-9945-97C4A62F89AF}.Release|Any CPU.ActiveCfg = Release|Any CPU
		{A76A2322-03E7-44A3-9945-97C4A62F89AF}.Release|Any CPU.Build.0 = Release|Any CPU
		{4EF3AA46-A1A1-4631-BCB7-3BBF20FF0102}.Debug|Any CPU.ActiveCfg = Debug|Any CPU
		{4EF3AA46-A1A1-4631-BCB7-3BBF20FF0102}.Debug|Any CPU.Build.0 = Debug|Any CPU
		{4EF3AA46-A1A1-4631-BCB7-3BBF20FF0102}.Release|Any CPU.ActiveCfg = Release|Any CPU
		{4EF3AA46-A1A1-4631-BCB7-3BBF20FF0102}.Release|Any CPU.Build.0 = Release|Any CPU
		{4A0DF443-99C5-4EAB-BFF9-33445828E6BD}.Debug|Any CPU.ActiveCfg = Debug|Any CPU
		{4A0DF443-99C5-4EAB-BFF9-33445828E6BD}.Debug|Any CPU.Build.0 = Debug|Any CPU
		{4A0DF443-99C5-4EAB-BFF9-33445828E6BD}.Release|Any CPU.ActiveCfg = Release|Any CPU
		{4A0DF443-99C5-4EAB-BFF9-33445828E6BD}.Release|Any CPU.Build.0 = Release|Any CPU
	EndGlobalSection
	GlobalSection(SolutionProperties) = preSolution
		HideSolutionNode = FALSE
	EndGlobalSection
	GlobalSection(NestedProjects) = preSolution
		{C6F010AD-DDC7-4CE0-A261-AF14FDB222B8} = {B051E67D-EF5F-4AFF-84C9-52A65587E51C}
		{47170861-9AB5-4B87-89E2-DEE6A7562CE9} = {B051E67D-EF5F-4AFF-84C9-52A65587E51C}
		{E9DDF476-946B-4109-BBB1-8B10B069B931} = {B051E67D-EF5F-4AFF-84C9-52A65587E51C}
		{A2CE64C0-C791-4B54-9351-9FBEBC10952B} = {B051E67D-EF5F-4AFF-84C9-52A65587E51C}
		{BF105594-72F1-46A5-97D6-3481A6E561D8} = {F5412EE7-68C8-44B6-BAB0-0127922700F7}
		{1E1138DE-C5BF-496A-98E4-5719DD8D5BB4} = {F5412EE7-68C8-44B6-BAB0-0127922700F7}
		{BE5075D0-F5FE-4827-A270-94D40F340612} = {F5412EE7-68C8-44B6-BAB0-0127922700F7}
		{1FF95C65-E428-4FA0-A0E9-EFB37B559398} = {B051E67D-EF5F-4AFF-84C9-52A65587E51C}
		{A76A2322-03E7-44A3-9945-97C4A62F89AF} = {F5412EE7-68C8-44B6-BAB0-0127922700F7}
		{4EF3AA46-A1A1-4631-BCB7-3BBF20FF0102} = {F5412EE7-68C8-44B6-BAB0-0127922700F7}
		{4A0DF443-99C5-4EAB-BFF9-33445828E6BD} = {F5412EE7-68C8-44B6-BAB0-0127922700F7}
	EndGlobalSection
EndGlobal
