
Microsoft Visual Studio Solution File, Format Version 12.00
# Visual Studio 14
VisualStudioVersion = 14.0.25123.0
MinimumVisualStudioVersion = 10.0.40219.1
Project("{2150E333-8FDC-42A3-9474-1A3956D46DE8}") = "src", "src", "{F1DF58D5-15D8-48C4-97BC-C57BEF3E4B52}"
EndProject
Project("{2150E333-8FDC-42A3-9474-1A3956D46DE8}") = "test", "test", "{1A5E3F63-A101-424A-8DFE-0E2F21514662}"
EndProject
Project("{FAE04EC0-301F-11D3-BF4B-00C04F79EFBC}") = "Api", "src\Api\Api.csproj", "{F62A15E7-0D66-4033-94A8-FC722ADA731F}"
EndProject
Project("{FAE04EC0-301F-11D3-BF4B-00C04F79EFBC}") = "Mvc", "src\Mvc\Mvc.csproj", "{6033125E-8F2E-4778-A2C8-D4A200A081F5}"
EndProject
Project("{FAE04EC0-301F-11D3-BF4B-00C04F79EFBC}") = "Application", "src\Application\Application.csproj", "{615CA720-0BB4-4200-B086-5E7BF512FF07}"
EndProject
Project("{FAE04EC0-301F-11D3-BF4B-00C04F79EFBC}") = "Infrastructure", "src\Infrastructure\Infrastructure.csproj", "{5CC1DE32-07DC-44CB-84C1-1AD87B910BBC}"
EndProject
Project("{FAE04EC0-301F-11D3-BF4B-00C04F79EFBC}") = "Persistence", "src\Persistence\Persistence.csproj", "{45260578-E07E-4027-9553-DEDFE71CD2F4}"
EndProject
Project("{FAE04EC0-301F-11D3-BF4B-00C04F79EFBC}") = "Api.Test", "test\Api.Test\Api.Test.csproj", "{2EA71507-C40C-4B2D-807F-CE5580CB34EC}"
EndProject
Project("{FAE04EC0-301F-11D3-BF4B-00C04F79EFBC}") = "Application.Test", "test\Application.Test\Application.Test.csproj", "{C18A0AA5-D823-4395-83CF-C5C1179273C3}"
EndProject
Project("{FAE04EC0-301F-11D3-BF4B-00C04F79EFBC}") = "Infrastructure.Test", "test\Infrastructure.Test\Infrastructure.Test.csproj", "{78E2A0D1-9D1F-4CCF-96D6-6A2F1B16B88F}"
EndProject
Project("{FAE04EC0-301F-11D3-BF4B-00C04F79EFBC}") = "Mvc.Test", "test\Mvc.Test\Mvc.Test.csproj", "{3E8C9749-F3B8-4EB3-8432-7CCE79FE3842}"
EndProject
Project("{FAE04EC0-301F-11D3-BF4B-00C04F79EFBC}") = "Persistence.Test", "test\Persistence.Test\Persistence.Test.csproj", "{13626A41-806F-4E4F-9C2D-8FBC5CD37655}"
EndProject
Global
	GlobalSection(SolutionConfigurationPlatforms) = preSolution
		Debug|Any CPU = Debug|Any CPU
		Release|Any CPU = Release|Any CPU
	EndGlobalSection
	GlobalSection(ProjectConfigurationPlatforms) = postSolution
		{F62A15E7-0D66-4033-94A8-FC722ADA731F}.Debug|Any CPU.ActiveCfg = Debug|Any CPU
		{F62A15E7-0D66-4033-94A8-FC722ADA731F}.Debug|Any CPU.Build.0 = Debug|Any CPU
		{F62A15E7-0D66-4033-94A8-FC722ADA731F}.Release|Any CPU.ActiveCfg = Release|Any CPU
		{F62A15E7-0D66-4033-94A8-FC722ADA731F}.Release|Any CPU.Build.0 = Release|Any CPU
		{6033125E-8F2E-4778-A2C8-D4A200A081F5}.Debug|Any CPU.ActiveCfg = Debug|Any CPU
		{6033125E-8F2E-4778-A2C8-D4A200A081F5}.Debug|Any CPU.Build.0 = Debug|Any CPU
		{6033125E-8F2E-4778-A2C8-D4A200A081F5}.Release|Any CPU.ActiveCfg = Release|Any CPU
		{6033125E-8F2E-4778-A2C8-D4A200A081F5}.Release|Any CPU.Build.0 = Release|Any CPU
		{615CA720-0BB4-4200-B086-5E7BF512FF07}.Debug|Any CPU.ActiveCfg = Debug|Any CPU
		{615CA720-0BB4-4200-B086-5E7BF512FF07}.Debug|Any CPU.Build.0 = Debug|Any CPU
		{615CA720-0BB4-4200-B086-5E7BF512FF07}.Release|Any CPU.ActiveCfg = Release|Any CPU
		{615CA720-0BB4-4200-B086-5E7BF512FF07}.Release|Any CPU.Build.0 = Release|Any CPU
		{5CC1DE32-07DC-44CB-84C1-1AD87B910BBC}.Debug|Any CPU.ActiveCfg = Debug|Any CPU
		{5CC1DE32-07DC-44CB-84C1-1AD87B910BBC}.Debug|Any CPU.Build.0 = Debug|Any CPU
		{5CC1DE32-07DC-44CB-84C1-1AD87B910BBC}.Release|Any CPU.ActiveCfg = Release|Any CPU
		{5CC1DE32-07DC-44CB-84C1-1AD87B910BBC}.Release|Any CPU.Build.0 = Release|Any CPU
		{45260578-E07E-4027-9553-DEDFE71CD2F4}.Debug|Any CPU.ActiveCfg = Debug|Any CPU
		{45260578-E07E-4027-9553-DEDFE71CD2F4}.Debug|Any CPU.Build.0 = Debug|Any CPU
		{45260578-E07E-4027-9553-DEDFE71CD2F4}.Release|Any CPU.ActiveCfg = Release|Any CPU
		{45260578-E07E-4027-9553-DEDFE71CD2F4}.Release|Any CPU.Build.0 = Release|Any CPU
		{2EA71507-C40C-4B2D-807F-CE5580CB34EC}.Debug|Any CPU.ActiveCfg = Debug|Any CPU
		{2EA71507-C40C-4B2D-807F-CE5580CB34EC}.Debug|Any CPU.Build.0 = Debug|Any CPU
		{2EA71507-C40C-4B2D-807F-CE5580CB34EC}.Release|Any CPU.ActiveCfg = Release|Any CPU
		{2EA71507-C40C-4B2D-807F-CE5580CB34EC}.Release|Any CPU.Build.0 = Release|Any CPU
		{C18A0AA5-D823-4395-83CF-C5C1179273C3}.Debug|Any CPU.ActiveCfg = Debug|Any CPU
		{C18A0AA5-D823-4395-83CF-C5C1179273C3}.Debug|Any CPU.Build.0 = Debug|Any CPU
		{C18A0AA5-D823-4395-83CF-C5C1179273C3}.Release|Any CPU.ActiveCfg = Release|Any CPU
		{C18A0AA5-D823-4395-83CF-C5C1179273C3}.Release|Any CPU.Build.0 = Release|Any CPU
		{78E2A0D1-9D1F-4CCF-96D6-6A2F1B16B88F}.Debug|Any CPU.ActiveCfg = Debug|Any CPU
		{78E2A0D1-9D1F-4CCF-96D6-6A2F1B16B88F}.Debug|Any CPU.Build.0 = Debug|Any CPU
		{78E2A0D1-9D1F-4CCF-96D6-6A2F1B16B88F}.Release|Any CPU.ActiveCfg = Release|Any CPU
		{78E2A0D1-9D1F-4CCF-96D6-6A2F1B16B88F}.Release|Any CPU.Build.0 = Release|Any CPU
		{3E8C9749-F3B8-4EB3-8432-7CCE79FE3842}.Debug|Any CPU.ActiveCfg = Debug|Any CPU
		{3E8C9749-F3B8-4EB3-8432-7CCE79FE3842}.Debug|Any CPU.Build.0 = Debug|Any CPU
		{3E8C9749-F3B8-4EB3-8432-7CCE79FE3842}.Release|Any CPU.ActiveCfg = Release|Any CPU
		{3E8C9749-F3B8-4EB3-8432-7CCE79FE3842}.Release|Any CPU.Build.0 = Release|Any CPU
		{13626A41-806F-4E4F-9C2D-8FBC5CD37655}.Debug|Any CPU.ActiveCfg = Debug|Any CPU
		{13626A41-806F-4E4F-9C2D-8FBC5CD37655}.Debug|Any CPU.Build.0 = Debug|Any CPU
		{13626A41-806F-4E4F-9C2D-8FBC5CD37655}.Release|Any CPU.ActiveCfg = Release|Any CPU
		{13626A41-806F-4E4F-9C2D-8FBC5CD37655}.Release|Any CPU.Build.0 = Release|Any CPU
	EndGlobalSection
	GlobalSection(SolutionProperties) = preSolution
		HideSolutionNode = FALSE
	EndGlobalSection
	GlobalSection(NestedProjects) = preSolution
		{F62A15E7-0D66-4033-94A8-FC722ADA731F} = {F1DF58D5-15D8-48C4-97BC-C57BEF3E4B52}
		{6033125E-8F2E-4778-A2C8-D4A200A081F5} = {F1DF58D5-15D8-48C4-97BC-C57BEF3E4B52}
		{615CA720-0BB4-4200-B086-5E7BF512FF07} = {F1DF58D5-15D8-48C4-97BC-C57BEF3E4B52}
		{5CC1DE32-07DC-44CB-84C1-1AD87B910BBC} = {F1DF58D5-15D8-48C4-97BC-C57BEF3E4B52}
		{45260578-E07E-4027-9553-DEDFE71CD2F4} = {F1DF58D5-15D8-48C4-97BC-C57BEF3E4B52}
		{2EA71507-C40C-4B2D-807F-CE5580CB34EC} = {1A5E3F63-A101-424A-8DFE-0E2F21514662}
		{C18A0AA5-D823-4395-83CF-C5C1179273C3} = {1A5E3F63-A101-424A-8DFE-0E2F21514662}
		{78E2A0D1-9D1F-4CCF-96D6-6A2F1B16B88F} = {1A5E3F63-A101-424A-8DFE-0E2F21514662}
		{3E8C9749-F3B8-4EB3-8432-7CCE79FE3842} = {1A5E3F63-A101-424A-8DFE-0E2F21514662}
		{13626A41-806F-4E4F-9C2D-8FBC5CD37655} = {1A5E3F63-A101-424A-8DFE-0E2F21514662}
	EndGlobalSection
EndGlobal
